<?xml version="1.0" encoding="utf-8"?>
<Project ToolsVersion="4.0" xmlns="http://schemas.microsoft.com/developer/msbuild/2003">
  <ItemGroup>
    <Filter Include="Source Files">
      <UniqueIdentifier>{4FC737F1-C7A5-4376-A066-2A32D752A2FF}</UniqueIdentifier>
      <Extensions>cpp;c;cc;cxx;def;odl;idl;hpj;bat;asm;asmx</Extensions>
    </Filter>
    <Filter Include="Header Files">
      <UniqueIdentifier>{93995380-89BD-4b04-88EB-625FBE52EBFB}</UniqueIdentifier>
      <Extensions>h;hh;hpp;hxx;hm;inl;inc;xsd</Extensions>
    </Filter>
    <Filter Include="Resource Files">
      <UniqueIdentifier>{67DA6AB6-F800-4c08-8B7A-83BB121AAD01}</UniqueIdentifier>
      <Extensions>rc;ico;cur;bmp;dlg;rc2;rct;bin;rgs;gif;jpg;jpeg;jpe;resx;tiff;tif;png;wav;mfcribbon-ms</Extensions>
    </Filter>
  </ItemGroup>
  <ItemGroup>
    <ClCompile Include="..\..\orc\orc.c">
      <Filter>Source Files</Filter>
    </ClCompile>
    <ClCompile Include="..\..\orc\orcbytecode.c">
      <Filter>Source Files</Filter>
    </ClCompile>
    <ClCompile Include="..\..\orc\orcemulateopcodes.c">
      <Filter>Source Files</Filter>
    </ClCompile>
    <ClCompile Include="..\..\orc\orcexecutor.c">
      <Filter>Source Files</Filter>
    </ClCompile>
    <ClCompile Include="..\..\orc\orcfunctions.c">
      <Filter>Source Files</Filter>
    </ClCompile>
    <ClCompile Include="..\..\orc\orcutils.c">
      <Filter>Source Files</Filter>
    </ClCompile>
    <ClCompile Include="..\..\orc\orcrule.c">
      <Filter>Source Files</Filter>
    </ClCompile>
    <ClCompile Include="..\..\orc\orccodemem.c">
      <Filter>Source Files</Filter>
    </ClCompile>
    <ClCompile Include="..\..\orc\orcprogram.c">
      <Filter>Source Files</Filter>
    </ClCompile>
    <ClCompile Include="..\..\orc\orccompiler.c">
      <Filter>Source Files</Filter>
    </ClCompile>
    <ClCompile Include="..\..\orc\orcprogram-c.c">
      <Filter>Source Files</Filter>
    </ClCompile>
    <ClCompile Include="..\..\orc\orcopcodes.c">
      <Filter>Source Files</Filter>
    </ClCompile>
    <ClCompile Include="..\..\orc\orcparse.c">
      <Filter>Source Files</Filter>
    </ClCompile>
    <ClCompile Include="..\..\orc\orconce.c">
      <Filter>Source Files</Filter>
    </ClCompile>
    <ClCompile Include="..\..\orc\orcdebug.c">
      <Filter>Source Files</Filter>
    </ClCompile>
    <ClCompile Include="..\..\orc\orccode.c">
      <Filter>Source Files</Filter>
    </ClCompile>
    <ClCompile Include="..\..\orc\orcsse.c">
      <Filter>Source Files</Filter>
    </ClCompile>
    <ClCompile Include="..\..\orc\orcrules-sse.c">
      <Filter>Source Files</Filter>
    </ClCompile>
    <ClCompile Include="..\..\orc\orcprogram-sse.c">
      <Filter>Source Files</Filter>
    </ClCompile>
    <ClCompile Include="..\..\orc\orcx86.c">
      <Filter>Source Files</Filter>
    </ClCompile>
    <ClCompile Include="..\..\orc\orcx86insn.c">
      <Filter>Source Files</Filter>
    </ClCompile>
    <ClCompile Include="..\..\orc\orcmmx.c">
      <Filter>Source Files</Filter>
    </ClCompile>
    <ClCompile Include="..\..\orc\orcrules-mmx.c">
      <Filter>Source Files</Filter>
    </ClCompile>
    <ClCompile Include="..\..\orc\orcprogram-mmx.c">
      <Filter>Source Files</Filter>
    </ClCompile>
    <ClCompile Include="..\..\orc\orcrules-altivec.c">
      <Filter>Source Files</Filter>
    </ClCompile>
    <ClCompile Include="..\..\orc\orcprogram-altivec.c">
      <Filter>Source Files</Filter>
    </ClCompile>
    <ClCompile Include="..\..\orc\orcpowerpc.c">
      <Filter>Source Files</Filter>
    </ClCompile>
    <ClCompile Include="..\..\orc\orcprogram-neon.c">
      <Filter>Source Files</Filter>
    </ClCompile>
    <ClCompile Include="..\..\orc\orcrules-neon.c">
      <Filter>Source Files</Filter>
    </ClCompile>
    <ClCompile Include="..\..\orc\orcarm.c">
      <Filter>Source Files</Filter>
    </ClCompile>
    <ClCompile Include="..\..\orc\orcprogram-c64x-c.c">
      <Filter>Source Files</Filter>
    </ClCompile>
    <ClCompile Include="..\..\orc\orcmips.c">
      <Filter>Source Files</Filter>
    </ClCompile>
    <ClCompile Include="..\..\orc\orcprogram-mips.c">
      <Filter>Source Files</Filter>
    </ClCompile>
    <ClCompile Include="..\..\orc\orcrules-mips.c">
      <Filter>Source Files</Filter>
    </ClCompile>
    <ClCompile Include="..\..\orc\orccpu-x86.c">
      <Filter>Source Files</Filter>
    </ClCompile>
  </ItemGroup>
  <ItemGroup>
    <ClInclude Include="..\..\orc\orc-stdint.h">
      <Filter>Header Files</Filter>
    </ClInclude>
    <ClInclude Include="..\..\orc\orc.h">
      <Filter>Header Files</Filter>
    </ClInclude>
    <ClInclude Include="..\..\orc\orcarm.h">
      <Filter>Header Files</Filter>
    </ClInclude>
    <ClInclude Include="..\..\orc\orcbytecode.h">
      <Filter>Header Files</Filter>
    </ClInclude>
    <ClInclude Include="..\..\orc\orcbytecodes.h">
      <Filter>Header Files</Filter>
    </ClInclude>
    <ClInclude Include="..\..\orc\orccode.h">
      <Filter>Header Files</Filter>
    </ClInclude>
    <ClInclude Include="..\..\orc\orccompiler.h">
      <Filter>Header Files</Filter>
    </ClInclude>
    <ClInclude Include="..\..\orc\orcconstant.h">
      <Filter>Header Files</Filter>
    </ClInclude>
    <ClInclude Include="..\..\orc\orccpu.h">
      <Filter>Header Files</Filter>
    </ClInclude>
    <ClInclude Include="..\..\orc\orccpuinsn.h">
      <Filter>Header Files</Filter>
    </ClInclude>
    <ClInclude Include="..\..\orc\orcdebug.h">
      <Filter>Header Files</Filter>
    </ClInclude>
    <ClInclude Include="..\..\orc\orcemulateopcodes.h">
      <Filter>Header Files</Filter>
    </ClInclude>
    <ClInclude Include="..\..\orc\orcexecutor.h">
      <Filter>Header Files</Filter>
    </ClInclude>
    <ClInclude Include="..\..\orc\orcfunctions.h">
      <Filter>Header Files</Filter>
    </ClInclude>
    <ClInclude Include="..\..\orc\orcinstruction.h">
      <Filter>Header Files</Filter>
    </ClInclude>
    <ClInclude Include="..\..\orc\orcinternal.h">
      <Filter>Header Files</Filter>
    </ClInclude>
    <ClInclude Include="..\..\orc\orclimits.h">
      <Filter>Header Files</Filter>
    </ClInclude>
    <ClInclude Include="..\..\orc\orcmmx.h">
      <Filter>Header Files</Filter>
    </ClInclude>
    <ClInclude Include="..\..\orc\orcneon.h">
      <Filter>Header Files</Filter>
    </ClInclude>
    <ClInclude Include="..\..\orc\orconce.h">
      <Filter>Header Files</Filter>
    </ClInclude>
    <ClInclude Include="..\..\orc\orcopcode.h">
      <Filter>Header Files</Filter>
    </ClInclude>
    <ClInclude Include="..\..\orc\orcparse.h">
      <Filter>Header Files</Filter>
    </ClInclude>
    <ClInclude Include="..\..\orc\orcpowerpc.h">
      <Filter>Header Files</Filter>
    </ClInclude>
    <ClInclude Include="..\..\orc\orcprogram.h">
      <Filter>Header Files</Filter>
    </ClInclude>
    <ClInclude Include="..\..\orc\orcrule.h">
      <Filter>Header Files</Filter>
    </ClInclude>
    <ClInclude Include="..\..\orc\orcsse.h">
      <Filter>Header Files</Filter>
    </ClInclude>
    <ClInclude Include="..\..\orc\orctarget.h">
      <Filter>Header Files</Filter>
    </ClInclude>
    <ClInclude Include="..\..\orc\orcutils.h">
      <Filter>Header Files</Filter>
    </ClInclude>
    <ClInclude Include="..\..\orc\orcvariable.h">
      <Filter>Header Files</Filter>
    </ClInclude>
    <ClInclude Include="..\..\orc\orcx86.h">
      <Filter>Header Files</Filter>
    </ClInclude>
    <ClInclude Include="..\..\orc\orcx86insn.h">
      <Filter>Header Files</Filter>
    </ClInclude>
    <ClInclude Include="..\..\orc\orcmips.h">
      <Filter>Header Files</Filter>
    </ClInclude>
    <ClInclude Include="config.h">
      <Filter>Header Files</Filter>
    </ClInclude>
  </ItemGroup>
</Project>